github.com/go-chi/chi v4.0.2+incompatible h1:maB6vn6FqCxrpz4FqWdh4+lwpyZIQS7YEAUcHlgXVRs=
github.com/go-chi/chi v4.0.2+incompatible/go.mod h1:eB3wogJHnLi3x/kFX2A+IbTBlXxmMeXJVKy9tTv1XzQ=
github.com/subosito/gotenv v1.2.0 h1:Slr1R9HxAlEKefgq5jn9U+DnETlIUa6HfgEzj0g5d7s=
github.com/subosito/gotenv v1.2.0/go.mod h1:N0PQaV/YGNqwC0u51sEeR/aUtSLEXKX9iv69rRypqCw=
github.com/yanzay/tbot v2.0.0+incompatible h1:GgxYqtzTaBx8g7PWE1S2OUBLh0RThWbbYueOTTAx+eU=
github.com/yanzay/tbot v2.0.0+incompatible/go.mod h1:YO5taoKcdI2RJ1x4stiHq5RBVRGHiAdXxaYq5awLJ8A=
github.com/yanzay/tbot/v2 v2.1.0 h1:mppieSOIbzaCjp2en66Fz4unIJ57+aalQfdGbtYmaKg=
github.com/yanzay/tbot/v2 v2.1.0/go.mod h1:q0+8JblBq9tLAnKHdBIZsHwDvMS9TfO6mNfaAk1VrHg=
